
Microsoft Visual Studio Solution File, Format Version 12.00
# Visual Studio Version 17
VisualStudioVersion = 17.8.34511.84
MinimumVisualStudioVersion = 10.0.40219.1
Project("{8BC9CEB8-8B4A-11D0-8D11-00A0C91BC942}") = "Degree Sequence of Graph G", "Degree Sequence of Graph G.vcxproj", "{6522F8EF-DBF5-4CA1-A869-92BD3EC3688D}"
EndProject
Global
	GlobalSection(SolutionConfigurationPlatforms) = preSolution
		Debug|x64 = Debug|x64
		Debug|x86 = Debug|x86
		Release|x64 = Release|x64
		Release|x86 = Release|x86
	EndGlobalSection
	GlobalSection(ProjectConfigurationPlatforms) = postSolution
		{6522F8EF-DBF5-4CA1-A869-92BD3EC3688D}.Debug|x64.ActiveCfg = Debug|x64
		{6522F8EF-DBF5-4CA1-A869-92BD3EC3688D}.Debug|x64.Build.0 = Debug|x64
		{6522F8EF-DBF5-4CA1-A869-92BD3EC3688D}.Debug|x86.ActiveCfg = Debug|Win32
		{6522F8EF-DBF5-4CA1-A869-92BD3EC3688D}.Debug|x86.Build.0 = Debug|Win32
		{6522F8EF-DBF5-4CA1-A869-92BD3EC3688D}.Release|x64.ActiveCfg = Release|x64
		{6522F8EF-DBF5-4CA1-A869-92BD3EC3688D}.Release|x64.Build.0 = Release|x64
		{6522F8EF-DBF5-4CA1-A869-92BD3EC3688D}.Release|x86.ActiveCfg = Release|Win32
		{6522F8EF-DBF5-4CA1-A869-92BD3EC3688D}.Release|x86.Build.0 = Release|Win32
	EndGlobalSection
	GlobalSection(SolutionProperties) = preSolution
		HideSolutionNode = FALSE
	EndGlobalSection
	GlobalSection(ExtensibilityGlobals) = postSolution
		SolutionGuid = {62B0ED86-A16A-4055-8F60-FA0C2580FCA2}
	EndGlobalSection
EndGlobal
